// !$*UTF8*$!
{
	archiveVersion = 1;
	classes = {
	};
	objectVersion = 50;
	objects = {

/* Begin PBXBuildFile section */
		16DDEC17271D548B00F3D465 /* AppDelegate.swift in Sources */ = {isa = PBXBuildFile; fileRef = 16DDEC16271D548B00F3D465 /* AppDelegate.swift */; };
		16DDEC19271D548B00F3D465 /* SceneDelegate.swift in Sources */ = {isa = PBXBuildFile; fileRef = 16DDEC18271D548B00F3D465 /* SceneDelegate.swift */; };
		16DDEC1B271D548B00F3D465 /* ViewController.swift in Sources */ = {isa = PBXBuildFile; fileRef = 16DDEC1A271D548B00F3D465 /* ViewController.swift */; };
		16DDEC1E271D548B00F3D465 /* Main.storyboard in Resources */ = {isa = PBXBuildFile; fileRef = 16DDEC1C271D548B00F3D465 /* Main.storyboard */; };
		16DDEC21271D548B00F3D465 /* TestApp.xcdatamodeld in Sources */ = {isa = PBXBuildFile; fileRef = 16DDEC1F271D548B00F3D465 /* TestApp.xcdatamodeld */; };
		16DDEC23271D548C00F3D465 /* Assets.xcassets in Resources */ = {isa = PBXBuildFile; fileRef = 16DDEC22271D548C00F3D465 /* Assets.xcassets */; };
		16DDEC26271D548C00F3D465 /* LaunchScreen.storyboard in Resources */ = {isa = PBXBuildFile; fileRef = 16DDEC24271D548C00F3D465 /* LaunchScreen.storyboard */; };
		16DDEC31271D548D00F3D465 /* TestAppTests.swift in Sources */ = {isa = PBXBuildFile; fileRef = 16DDEC30271D548D00F3D465 /* TestAppTests.swift */; };
		16DDEC3C271D548D00F3D465 /* TestAppUITests.swift in Sources */ = {isa = PBXBuildFile; fileRef = 16DDEC3B271D548D00F3D465 /* TestAppUITests.swift */; };
/* End PBXBuildFile section */

/* Begin PBXContainerItemProxy section */
		16DDEC2D271D548D00F3D465 /* PBXContainerItemProxy */ = {
			isa = PBXContainerItemProxy;
			containerPortal = 16DDEC0B271D548B00F3D465 /* Project object */;
			proxyType = 1;
			remoteGlobalIDString = 16DDEC12271D548B00F3D465;
			remoteInfo = TestApp;
		};
		16DDEC38271D548D00F3D465 /* PBXContainerItemProxy */ = {
			isa = PBXContainerItemProxy;
			containerPortal = 16DDEC0B271D548B00F3D465 /* Project object */;
			proxyType = 1;
			remoteGlobalIDString = 16DDEC12271D548B00F3D465;
			remoteInfo = TestApp;
		};
/* End PBXContainerItemProxy section */

/* Begin PBXFileReference section */
		16DDEC13271D548B00F3D465 /* TestApp.app */ = {isa = PBXFileReference; explicitFileType = wrapper.application; includeInIndex = 0; path = TestApp.app; sourceTree = BUILT_PRODUCTS_DIR; };
		16DDEC16271D548B00F3D465 /* AppDelegate.swift */ = {isa = PBXFileReference; lastKnownFileType = sourcecode.swift; path = AppDelegate.swift; sourceTree = "<group>"; };
		16DDEC18271D548B00F3D465 /* SceneDelegate.swift */ = {isa = PBXFileReference; lastKnownFileType = sourcecode.swift; path = SceneDelegate.swift; sourceTree = "<group>"; };
		16DDEC1A271D548B00F3D465 /* ViewController.swift */ = {isa = PBXFileReference; lastKnownFileType = sourcecode.swift; path = ViewController.swift; sourceTree = "<group>"; };
		16DDEC1D271D548B00F3D465 /* Base */ = {isa = PBXFileReference; lastKnownFileType = file.storyboard; name = Base; path = Base.lproj/Main.storyboard; sourceTree = "<group>"; };
		16DDEC20271D548B00F3D465 /* TestApp.xcdatamodel */ = {isa = PBXFileReference; lastKnownFileType = wrapper.xcdatamodel; path = TestApp.xcdatamodel; sourceTree = "<group>"; };
		16DDEC22271D548C00F3D465 /* Assets.xcassets */ = {isa = PBXFileReference; lastKnownFileType = folder.assetcatalog; path = Assets.xcassets; sourceTree = "<group>"; };
		16DDEC25271D548C00F3D465 /* Base */ = {isa = PBXFileReference; lastKnownFileType = file.storyboard; name = Base; path = Base.lproj/LaunchScreen.storyboard; sourceTree = "<group>"; };
		16DDEC27271D548C00F3D465 /* Info.plist */ = {isa = PBXFileReference; lastKnownFileType = text.plist.xml; path = Info.plist; sourceTree = "<group>"; };
		16DDEC2C271D548D00F3D465 /* TestAppTests.xctest */ = {isa = PBXFileReference; explicitFileType = wrapper.cfbundle; includeInIndex = 0; path = TestAppTests.xctest; sourceTree = BUILT_PRODUCTS_DIR; };
		16DDEC30271D548D00F3D465 /* TestAppTests.swift */ = {isa = PBXFileReference; lastKnownFileType = sourcecode.swift; path = TestAppTests.swift; sourceTree = "<group>"; };
		16DDEC32271D548D00F3D465 /* Info.plist */ = {isa = PBXFileReference; lastKnownFileType = text.plist.xml; path = Info.plist; sourceTree = "<group>"; };
		16DDEC37271D548D00F3D465 /* TestAppUITests.xctest */ = {isa = PBXFileReference; explicitFileType = wrapper.cfbundle; includeInIndex = 0; path = TestAppUITests.xctest; sourceTree = BUILT_PRODUCTS_DIR; };
		16DDEC3B271D548D00F3D465 /* TestAppUITests.swift */ = {isa = PBXFileReference; lastKnownFileType = sourcecode.swift; path = TestAppUITests.swift; sourceTree = "<group>"; };
		16DDEC3D271D548D00F3D465 /* Info.plist */ = {isa = PBXFileReference; lastKnownFileType = text.plist.xml; path = Info.plist; sourceTree = "<group>"; };
/* End PBXFileReference section */

/* Begin PBXFrameworksBuildPhase section */
		16DDEC10271D548B00F3D465 /* Frameworks */ = {
			isa = PBXFrameworksBuildPhase;
			buildActionMask = 2147483647;
			files = (
			);
			runOnlyForDeploymentPostprocessing = 0;
		};
		16DDEC29271D548D00F3D465 /* Frameworks */ = {
			isa = PBXFrameworksBuildPhase;
			buildActionMask = 2147483647;
			files = (
			);
			runOnlyForDeploymentPostprocessing = 0;
		};
		16DDEC34271D548D00F3D465 /* Frameworks */ = {
			isa = PBXFrameworksBuildPhase;
			buildActionMask = 2147483647;
			files = (
			);
			runOnlyForDeploymentPostprocessing = 0;
		};
/* End PBXFrameworksBuildPhase section */

/* Begin PBXGroup section */
		16DDEC0A271D548B00F3D465 = {
			isa = PBXGroup;
			children = (
				16DDEC15271D548B00F3D465 /* TestApp */,
				16DDEC2F271D548D00F3D465 /* TestAppTests */,
				16DDEC3A271D548D00F3D465 /* TestAppUITests */,
				16DDEC14271D548B00F3D465 /* Products */,
			);
			sourceTree = "<group>";
		};
		16DDEC14271D548B00F3D465 /* Products */ = {
			isa = PBXGroup;
			children = (
				16DDEC13271D548B00F3D465 /* TestApp.app */,
				16DDEC2C271D548D00F3D465 /* TestAppTests.xctest */,
				16DDEC37271D548D00F3D465 /* TestAppUITests.xctest */,
			);
			name = Products;
			sourceTree = "<group>";
		};
		16DDEC15271D548B00F3D465 /* TestApp */ = {
			isa = PBXGroup;
			children = (
				16DDEC16271D548B00F3D465 /* AppDelegate.swift */,
				16DDEC18271D548B00F3D465 /* SceneDelegate.swift */,
				16DDEC1A271D548B00F3D465 /* ViewController.swift */,
				16DDEC1C271D548B00F3D465 /* Main.storyboard */,
				16DDEC22271D548C00F3D465 /* Assets.xcassets */,
				16DDEC24271D548C00F3D465 /* LaunchScreen.storyboard */,
				16DDEC27271D548C00F3D465 /* Info.plist */,
				16DDEC1F271D548B00F3D465 /* TestApp.xcdatamodeld */,
			);
			path = TestApp;
			sourceTree = "<group>";
		};
		16DDEC2F271D548D00F3D465 /* TestAppTests */ = {
			isa = PBXGroup;
			children = (
				16DDEC30271D548D00F3D465 /* TestAppTests.swift */,
				16DDEC32271D548D00F3D465 /* Info.plist */,
			);
			path = TestAppTests;
			sourceTree = "<group>";
		};
		16DDEC3A271D548D00F3D465 /* TestAppUITests */ = {
			isa = PBXGroup;
			children = (
				16DDEC3B271D548D00F3D465 /* TestAppUITests.swift */,
				16DDEC3D271D548D00F3D465 /* Info.plist */,
			);
			path = TestAppUITests;
			sourceTree = "<group>";
		};
/* End PBXGroup section */

/* Begin PBXNativeTarget section */
		16DDEC12271D548B00F3D465 /* TestApp */ = {
			isa = PBXNativeTarget;
			buildConfigurationList = 16DDEC40271D548D00F3D465 /* Build configuration list for PBXNativeTarget "TestApp" */;
			buildPhases = (
				16DDEC0F271D548B00F3D465 /* Sources */,
				16DDEC10271D548B00F3D465 /* Frameworks */,
				16DDEC11271D548B00F3D465 /* Resources */,
			);
			buildRules = (
			);
			dependencies = (
			);
			name = TestApp;
			productName = TestApp;
			productReference = 16DDEC13271D548B00F3D465 /* TestApp.app */;
			productType = "com.apple.product-type.application";
		};
		16DDEC2B271D548D00F3D465 /* TestAppTests */ = {
			isa = PBXNativeTarget;
			buildConfigurationList = 16DDEC43271D548D00F3D465 /* Build configuration list for PBXNativeTarget "TestAppTests" */;
			buildPhases = (
				16DDEC28271D548D00F3D465 /* Sources */,
				16DDEC29271D548D00F3D465 /* Frameworks */,
				16DDEC2A271D548D00F3D465 /* Resources */,
			);
			buildRules = (
			);
			dependencies = (
				16DDEC2E271D548D00F3D465 /* PBXTargetDependency */,
			);
			name = TestAppTests;
			productName = TestAppTests;
			productReference = 16DDEC2C271D548D00F3D465 /* TestAppTests.xctest */;
			productType = "com.apple.product-type.bundle.unit-test";
		};
		16DDEC36271D548D00F3D465 /* TestAppUITests */ = {
			isa = PBXNativeTarget;
			buildConfigurationList = 16DDEC46271D548D00F3D465 /* Build configuration list for PBXNativeTarget "TestAppUITests" */;
			buildPhases = (
				16DDEC33271D548D00F3D465 /* Sources */,
				16DDEC34271D548D00F3D465 /* Frameworks */,
				16DDEC35271D548D00F3D465 /* Resources */,
			);
			buildRules = (
			);
			dependencies = (
				16DDEC39271D548D00F3D465 /* PBXTargetDependency */,
			);
			name = TestAppUITests;
			productName = TestAppUITests;
			productReference = 16DDEC37271D548D00F3D465 /* TestAppUITests.xctest */;
			productType = "com.apple.product-type.bundle.ui-testing";
		};
/* End PBXNativeTarget section */

/* Begin PBXProject section */
		16DDEC0B271D548B00F3D465 /* Project object */ = {
			isa = PBXProject;
			attributes = {
				LastSwiftUpdateCheck = 1240;
				LastUpgradeCheck = 1240;
				TargetAttributes = {
					16DDEC12271D548B00F3D465 = {
						CreatedOnToolsVersion = 12.4;
					};
					16DDEC2B271D548D00F3D465 = {
						CreatedOnToolsVersion = 12.4;
						TestTargetID = 16DDEC12271D548B00F3D465;
					};
					16DDEC36271D548D00F3D465 = {
						CreatedOnToolsVersion = 12.4;
						TestTargetID = 16DDEC12271D548B00F3D465;
					};
				};
			};
			buildConfigurationList = 16DDEC0E271D548B00F3D465 /* Build configuration list for PBXProject "TestApp" */;
			compatibilityVersion = "Xcode 9.3";
			developmentRegion = en;
			hasScannedForEncodings = 0;
			knownRegions = (
				en,
				Base,
			);
			mainGroup = 16DDEC0A271D548B00F3D465;
			productRefGroup = 16DDEC14271D548B00F3D465 /* Products */;
			projectDirPath = "";
			projectRoot = "";
			targets = (
				16DDEC12271D548B00F3D465 /* TestApp */,
				16DDEC2B271D548D00F3D465 /* TestAppTests */,
				16DDEC36271D548D00F3D465 /* TestAppUITests */,
			);
		};
/* End PBXProject section */

/* Begin PBXResourcesBuildPhase section */
		16DDEC11271D548B00F3D465 /* Resources */ = {
			isa = PBXResourcesBuildPhase;
			buildActionMask = 2147483647;
			files = (
				16DDEC26271D548C00F3D465 /* LaunchScreen.storyboard in Resources */,
				16DDEC23271D548C00F3D465 /* Assets.xcassets in Resources */,
				16DDEC1E271D548B00F3D465 /* Main.storyboard in Resources */,
			);
			runOnlyForDeploymentPostprocessing = 0;
		};
		16DDEC2A271D548D00F3D465 /* Resources */ = {
			isa = PBXResourcesBuildPhase;
			buildActionMask = 2147483647;
			files = (
			);
			runOnlyForDeploymentPostprocessing = 0;
		};
		16DDEC35271D548D00F3D465 /* Resources */ = {
			isa = PBXResourcesBuildPhase;
			buildActionMask = 2147483647;
			files = (
			);
			runOnlyForDeploymentPostprocessing = 0;
		};
/* End PBXResourcesBuildPhase section */

/* Begin PBXSourcesBuildPhase section */
		16DDEC0F271D548B00F3D465 /* Sources */ = {
			isa = PBXSourcesBuildPhase;
			buildActionMask = 2147483647;
			files = (
				16DDEC1B271D548B00F3D465 /* ViewController.swift in Sources */,
				16DDEC21271D548B00F3D465 /* TestApp.xcdatamodeld in Sources */,
				16DDEC17271D548B00F3D465 /* AppDelegate.swift in Sources */,
				16DDEC19271D548B00F3D465 /* SceneDelegate.swift in Sources */,
			);
			runOnlyForDeploymentPostprocessing = 0;
		};
		16DDEC28271D548D00F3D465 /* Sources */ = {
			isa = PBXSourcesBuildPhase;
			buildActionMask = 2147483647;
			files = (
				16DDEC31271D548D00F3D465 /* TestAppTests.swift in Sources */,
			);
			runOnlyForDeploymentPostprocessing = 0;
		};
		16DDEC33271D548D00F3D465 /* Sources */ = {
			isa = PBXSourcesBuildPhase;
			buildActionMask = 2147483647;
			files = (
				16DDEC3C271D548D00F3D465 /* TestAppUITests.swift in Sources */,
			);
			runOnlyForDeploymentPostprocessing = 0;
		};
/* End PBXSourcesBuildPhase section */

/* Begin PBXTargetDependency section */
		16DDEC2E271D548D00F3D465 /* PBXTargetDependency */ = {
			isa = PBXTargetDependency;
			target = 16DDEC12271D548B00F3D465 /* TestApp */;
			targetProxy = 16DDEC2D271D548D00F3D465 /* PBXContainerItemProxy */;
		};
		16DDEC39271D548D00F3D465 /* PBXTargetDependency */ = {
			isa = PBXTargetDependency;
			target = 16DDEC12271D548B00F3D465 /* TestApp */;
			targetProxy = 16DDEC38271D548D00F3D465 /* PBXContainerItemProxy */;
		};
/* End PBXTargetDependency section */

/* Begin PBXVariantGroup section */
		16DDEC1C271D548B00F3D465 /* Main.storyboard */ = {
			isa = PBXVariantGroup;
			children = (
				16DDEC1D271D548B00F3D465 /* Base */,
			);
			name = Main.storyboard;
			sourceTree = "<group>";
		};
		16DDEC24271D548C00F3D465 /* LaunchScreen.storyboard */ = {
			isa = PBXVariantGroup;
			children = (
				16DDEC25271D548C00F3D465 /* Base */,
			);
			name = LaunchScreen.storyboard;
			sourceTree = "<group>";
		};
/* End PBXVariantGroup section */

/* Begin XCBuildConfiguration section */
		16DDEC3E271D548D00F3D465 /* Debug */ = {
			isa = XCBuildConfiguration;
			buildSettings = {
				ALWAYS_SEARCH_USER_PATHS = NO;
				CLANG_ANALYZER_NONNULL = YES;
				CLANG_ANALYZER_NUMBER_OBJECT_CONVERSION = YES_AGGRESSIVE;
				CLANG_CXX_LANGUAGE_STANDARD = "gnu++14";
				CLANG_CXX_LIBRARY = "libc++";
				CLANG_ENABLE_MODULES = YES;
				CLANG_ENABLE_OBJC_ARC = YES;
				CLANG_ENABLE_OBJC_WEAK = YES;
				CLANG_WARN_BLOCK_CAPTURE_AUTORELEASING = YES;
				CLANG_WARN_BOOL_CONVERSION = YES;
				CLANG_WARN_COMMA = YES;
				CLANG_WARN_CONSTANT_CONVERSION = YES;
				CLANG_WARN_DEPRECATED_OBJC_IMPLEMENTATIONS = YES;
				CLANG_WARN_DIRECT_OBJC_ISA_USAGE = YES_ERROR;
				CLANG_WARN_DOCUMENTATION_COMMENTS = YES;
				CLANG_WARN_EMPTY_BODY = YES;
				CLANG_WARN_ENUM_CONVERSION = YES;
				CLANG_WARN_INFINITE_RECURSION = YES;
				CLANG_WARN_INT_CONVERSION = YES;
				CLANG_WARN_NON_LITERAL_NULL_CONVERSION = YES;
				CLANG_WARN_OBJC_IMPLICIT_RETAIN_SELF = YES;
				CLANG_WARN_OBJC_LITERAL_CONVERSION = YES;
				CLANG_WARN_OBJC_ROOT_CLASS = YES_ERROR;
				CLANG_WARN_QUOTED_INCLUDE_IN_FRAMEWORK_HEADER = YES;
				CLANG_WARN_RANGE_LOOP_ANALYSIS = YES;
				CLANG_WARN_STRICT_PROTOTYPES = YES;
				CLANG_WARN_SUSPICIOUS_MOVE = YES;
				CLANG_WARN_UNGUARDED_AVAILABILITY = YES_AGGRESSIVE;
				CLANG_WARN_UNREACHABLE_CODE = YES;
				CLANG_WARN__DUPLICATE_METHOD_MATCH = YES;
				COPY_PHASE_STRIP = NO;
				DEBUG_INFORMATION_FORMAT = dwarf;
				ENABLE_STRICT_OBJC_MSGSEND = YES;
				ENABLE_TESTABILITY = YES;
				GCC_C_LANGUAGE_STANDARD = gnu11;
				GCC_DYNAMIC_NO_PIC = NO;
				GCC_NO_COMMON_BLOCKS = YES;
				GCC_OPTIMIZATION_LEVEL = 0;
				GCC_PREPROCESSOR_DEFINITIONS = (
					"DEBUG=1",
					"$(inherited)",
				);
				GCC_WARN_64_TO_32_BIT_CONVERSION = YES;
				GCC_WARN_ABOUT_RETURN_TYPE = YES_ERROR;
				GCC_WARN_UNDECLARED_SELECTOR = YES;
				GCC_WARN_UNINITIALIZED_AUTOS = YES_AGGRESSIVE;
				GCC_WARN_UNUSED_FUNCTION = YES;
				GCC_WARN_UNUSED_VARIABLE = YES;
				IPHONEOS_DEPLOYMENT_TARGET = 14.4;
				MTL_ENABLE_DEBUG_INFO = INCLUDE_SOURCE;
				MTL_FAST_MATH = YES;
				ONLY_ACTIVE_ARCH = YES;
				SDKROOT = iphoneos;
				SWIFT_ACTIVE_COMPILATION_CONDITIONS = DEBUG;
				SWIFT_OPTIMIZATION_LEVEL = "-Onone";
			};
			name = Debug;
		};
		16DDEC3F271D548D00F3D465 /* Release */ = {
			isa = XCBuildConfiguration;
			buildSettings = {
				ALWAYS_SEARCH_USER_PATHS = NO;
				CLANG_ANALYZER_NONNULL = YES;
				CLANG_ANALYZER_NUMBER_OBJECT_CONVERSION = YES_AGGRESSIVE;
				CLANG_CXX_LANGUAGE_STANDARD = "gnu++14";
				CLANG_CXX_LIBRARY = "libc++";
				CLANG_ENABLE_MODULES = YES;
				CLANG_ENABLE_OBJC_ARC = YES;
				CLANG_ENABLE_OBJC_WEAK = YES;
				CLANG_WARN_BLOCK_CAPTURE_AUTORELEASING = YES;
				CLANG_WARN_BOOL_CONVERSION = YES;
				CLANG_WARN_COMMA = YES;
				CLANG_WARN_CONSTANT_CONVERSION = YES;
				CLANG_WARN_DEPRECATED_OBJC_IMPLEMENTATIONS = YES;
				CLANG_WARN_DIRECT_OBJC_ISA_USAGE = YES_ERROR;
				CLANG_WARN_DOCUMENTATION_COMMENTS = YES;
				CLANG_WARN_EMPTY_BODY = YES;
				CLANG_WARN_ENUM_CONVERSION = YES;
				CLANG_WARN_INFINITE_RECURSION = YES;
				CLANG_WARN_INT_CONVERSION = YES;
				CLANG_WARN_NON_LITERAL_NULL_CONVERSION = YES;
				CLANG_WARN_OBJC_IMPLICIT_RETAIN_SELF = YES;
				CLANG_WARN_OBJC_LITERAL_CONVERSION = YES;
				CLANG_WARN_OBJC_ROOT_CLASS = YES_ERROR;
				CLANG_WARN_QUOTED_INCLUDE_IN_FRAMEWORK_HEADER = YES;
				CLANG_WARN_RANGE_LOOP_ANALYSIS = YES;
				CLANG_WARN_STRICT_PROTOTYPES = YES;
				CLANG_WARN_SUSPICIOUS_MOVE = YES;
				CLANG_WARN_UNGUARDED_AVAILABILITY = YES_AGGRESSIVE;
				CLANG_WARN_UNREACHABLE_CODE = YES;
				CLANG_WARN__DUPLICATE_METHOD_MATCH = YES;
				COPY_PHASE_STRIP = NO;
				DEBUG_INFORMATION_FORMAT = "dwarf-with-dsym";
				ENABLE_NS_ASSERTIONS = NO;
				ENABLE_STRICT_OBJC_MSGSEND = YES;
				GCC_C_LANGUAGE_STANDARD = gnu11;
				GCC_NO_COMMON_BLOCKS = YES;
				GCC_WARN_64_TO_32_BIT_CONVERSION = YES;
				GCC_WARN_ABOUT_RETURN_TYPE = YES_ERROR;
				GCC_WARN_UNDECLARED_SELECTOR = YES;
				GCC_WARN_UNINITIALIZED_AUTOS = YES_AGGRESSIVE;
				GCC_WARN_UNUSED_FUNCTION = YES;
				GCC_WARN_UNUSED_VARIABLE = YES;
				IPHONEOS_DEPLOYMENT_TARGET = 14.4;
				MTL_ENABLE_DEBUG_INFO = NO;
				MTL_FAST_MATH = YES;
				SDKROOT = iphoneos;
				SWIFT_COMPILATION_MODE = wholemodule;
				SWIFT_OPTIMIZATION_LEVEL = "-O";
				VALIDATE_PRODUCT = YES;
			};
			name = Release;
		};
		16DDEC41271D548D00F3D465 /* Debug */ = {
			isa = XCBuildConfiguration;
			buildSettings = {
				ASSETCATALOG_COMPILER_APPICON_NAME = AppIcon;
				ASSETCATALOG_COMPILER_GLOBAL_ACCENT_COLOR_NAME = AccentColor;
				CODE_SIGN_STYLE = Automatic;
				INFOPLIST_FILE = TestApp/Info.plist;
				LD_RUNPATH_SEARCH_PATHS = (
					"$(inherited)",
					"@executable_path/Frameworks",
				);
				PRODUCT_BUNDLE_IDENTIFIER = com.gizmogul.TestApp;
				PRODUCT_NAME = "$(TARGET_NAME)";
				SWIFT_VERSION = 5.0;
				TARGETED_DEVICE_FAMILY = "1,2";
			};
			name = Debug;
		};
		16DDEC42271D548D00F3D465 /* Release */ = {
			isa = XCBuildConfiguration;
			buildSettings = {
				ASSETCATALOG_COMPILER_APPICON_NAME = AppIcon;
				ASSETCATALOG_COMPILER_GLOBAL_ACCENT_COLOR_NAME = AccentColor;
				CODE_SIGN_STYLE = Automatic;
				INFOPLIST_FILE = TestApp/Info.plist;
				LD_RUNPATH_SEARCH_PATHS = (
					"$(inherited)",
					"@executable_path/Frameworks",
				);
				PRODUCT_BUNDLE_IDENTIFIER = com.gizmogul.TestApp;
				PRODUCT_NAME = "$(TARGET_NAME)";
				SWIFT_VERSION = 5.0;
				TARGETED_DEVICE_FAMILY = "1,2";
			};
			name = Release;
		};
		16DDEC44271D548D00F3D465 /* Debug */ = {
			isa = XCBuildConfiguration;
			buildSettings = {
				ALWAYS_EMBED_SWIFT_STANDARD_LIBRARIES = YES;
				BUNDLE_LOADER = "$(TEST_HOST)";
				CODE_SIGN_STYLE = Automatic;
				INFOPLIST_FILE = TestAppTests/Info.plist;
				IPHONEOS_DEPLOYMENT_TARGET = 14.4;
				LD_RUNPATH_SEARCH_PATHS = (
					"$(inherited)",
					"@executable_path/Frameworks",
					"@loader_path/Frameworks",
				);
				PRODUCT_BUNDLE_IDENTIFIER = com.gizmogul.TestAppTests;
				PRODUCT_NAME = "$(TARGET_NAME)";
				SWIFT_VERSION = 5.0;
				TARGETED_DEVICE_FAMILY = "1,2";
				TEST_HOST = "$(BUILT_PRODUCTS_DIR)/TestApp.app/TestApp";
			};
			name = Debug;
		};
		16DDEC45271D548D00F3D465 /* Release */ = {
			isa = XCBuildConfiguration;
			buildSettings = {
				ALWAYS_EMBED_SWIFT_STANDARD_LIBRARIES = YES;
				BUNDLE_LOADER = "$(TEST_HOST)";
				CODE_SIGN_STYLE = Automatic;
				INFOPLIST_FILE = TestAppTests/Info.plist;
				IPHONEOS_DEPLOYMENT_TARGET = 14.4;
				LD_RUNPATH_SEARCH_PATHS = (
					"$(inherited)",
					"@executable_path/Frameworks",
					"@loader_path/Frameworks",
				);
				PRODUCT_BUNDLE_IDENTIFIER = com.gizmogul.TestAppTests;
				PRODUCT_NAME = "$(TARGET_NAME)";
				SWIFT_VERSION = 5.0;
				TARGETED_DEVICE_FAMILY = "1,2";
				TEST_HOST = "$(BUILT_PRODUCTS_DIR)/TestApp.app/TestApp";
			};
			name = Release;
		};
		16DDEC47271D548D00F3D465 /* Debug */ = {
			isa = XCBuildConfiguration;
			buildSettings = {
				ALWAYS_EMBED_SWIFT_STANDARD_LIBRARIES = YES;
				CODE_SIGN_STYLE = Automatic;
				INFOPLIST_FILE = TestAppUITests/Info.plist;
				LD_RUNPATH_SEARCH_PATHS = (
					"$(inherited)",
					"@executable_path/Frameworks",
					"@loader_path/Frameworks",
				);
				PRODUCT_BUNDLE_IDENTIFIER = com.gizmogul.TestAppUITests;
				PRODUCT_NAME = "$(TARGET_NAME)";
				SWIFT_VERSION = 5.0;
				TARGETED_DEVICE_FAMILY = "1,2";
				TEST_TARGET_NAME = TestApp;
			};
			name = Debug;
		};
		16DDEC48271D548D00F3D465 /* Release */ = {
			isa = XCBuildConfiguration;
			buildSettings = {
				ALWAYS_EMBED_SWIFT_STANDARD_LIBRARIES = YES;
				CODE_SIGN_STYLE = Automatic;
				INFOPLIST_FILE = TestAppUITests/Info.plist;
				LD_RUNPATH_SEARCH_PATHS = (
					"$(inherited)",
					"@executable_path/Frameworks",
					"@loader_path/Frameworks",
				);
				PRODUCT_BUNDLE_IDENTIFIER = com.gizmogul.TestAppUITests;
				PRODUCT_NAME = "$(TARGET_NAME)";
				SWIFT_VERSION = 5.0;
				TARGETED_DEVICE_FAMILY = "1,2";
				TEST_TARGET_NAME = TestApp;
			};
			name = Release;
		};
/* End XCBuildConfiguration section */

/* Begin XCConfigurationList section */
		16DDEC0E271D548B00F3D465 /* Build configuration list for PBXProject "TestApp" */ = {
			isa = XCConfigurationList;
			buildConfigurations = (
				16DDEC3E271D548D00F3D465 /* Debug */,
				16DDEC3F271D548D00F3D465 /* Release */,
			);
			defaultConfigurationIsVisible = 0;
			defaultConfigurationName = Release;
		};
		16DDEC40271D548D00F3D465 /* Build configuration list for PBXNativeTarget "TestApp" */ = {
			isa = XCConfigurationList;
			buildConfigurations = (
				16DDEC41271D548D00F3D465 /* Debug */,
				16DDEC42271D548D00F3D465 /* Release */,
			);
			defaultConfigurationIsVisible = 0;
			defaultConfigurationName = Release;
		};
		16DDEC43271D548D00F3D465 /* Build configuration list for PBXNativeTarget "TestAppTests" */ = {
			isa = XCConfigurationList;
			buildConfigurations = (
				16DDEC44271D548D00F3D465 /* Debug */,
				16DDEC45271D548D00F3D465 /* Release */,
			);
			defaultConfigurationIsVisible = 0;
			defaultConfigurationName = Release;
		};
		16DDEC46271D548D00F3D465 /* Build configuration list for PBXNativeTarget "TestAppUITests" */ = {
			isa = XCConfigurationList;
			buildConfigurations = (
				16DDEC47271D548D00F3D465 /* Debug */,
				16DDEC48271D548D00F3D465 /* Release */,
			);
			defaultConfigurationIsVisible = 0;
			defaultConfigurationName = Release;
		};
/* End XCConfigurationList section */

/* Begin XCVersionGroup section */
		16DDEC1F271D548B00F3D465 /* TestApp.xcdatamodeld */ = {
			isa = XCVersionGroup;
			children = (
				16DDEC20271D548B00F3D465 /* TestApp.xcdatamodel */,
			);
			currentVersion = 16DDEC20271D548B00F3D465 /* TestApp.xcdatamodel */;
			path = TestApp.xcdatamodeld;
			sourceTree = "<group>";
			versionGroupType = wrapper.xcdatamodel;
		};
/* End XCVersionGroup section */
	};
	rootObject = 16DDEC0B271D548B00F3D465 /* Project object */;
}
